
Microsoft Visual Studio Solution File, Format Version 11.00
# Visual Studio 2010
Project("{FAE04EC0-301F-11D3-BF4B-00C04F79EFBC}") = "WATOR", "WATOR\WATOR.csproj", "{559DD00F-A642-4903-8C2F-6BAF4D0104F2}"
EndProject
Global
	GlobalSection(SolutionConfigurationPlatforms) = preSolution
		Debug|x86 = Debug|x86
		Release|x86 = Release|x86
	EndGlobalSection
	GlobalSection(ProjectConfigurationPlatforms) = postSolution
		{559DD00F-A642-4903-8C2F-6BAF4D0104F2}.Debug|x86.ActiveCfg = Debug|x86
		{559DD00F-A642-4903-8C2F-6BAF4D0104F2}.Debug|x86.Build.0 = Debug|x86
		{559DD00F-A642-4903-8C2F-6BAF4D0104F2}.Release|x86.ActiveCfg = Release|x86
		{559DD00F-A642-4903-8C2F-6BAF4D0104F2}.Release|x86.Build.0 = Release|x86
	EndGlobalSection
	GlobalSection(SolutionProperties) = preSolution
		HideSolutionNode = FALSE
	EndGlobalSection
EndGlobal
